
Microsoft Visual Studio Solution File, Format Version 12.00
# Visual Studio 15
VisualStudioVersion = 15.0.28307.1758
MinimumVisualStudioVersion = 10.0.40219.1
Project("{FAE04EC0-301F-11D3-BF4B-00C04F79EFBC}") = "test_data", "test_data\test_data.csproj", "{671D32E2-2AB3-47EA-AF74-9C1A7F4538CD}"
EndProject
Global
	GlobalSection(SolutionConfigurationPlatforms) = preSolution
		Debug|Any CPU = Debug|Any CPU
		Release|Any CPU = Release|Any CPU
	EndGlobalSection
	GlobalSection(ProjectConfigurationPlatforms) = postSolution
		{671D32E2-2AB3-47EA-AF74-9C1A7F4538CD}.Debug|Any CPU.ActiveCfg = Debug|Any CPU
		{671D32E2-2AB3-47EA-AF74-9C1A7F4538CD}.Debug|Any CPU.Build.0 = Debug|Any CPU
		{671D32E2-2AB3-47EA-AF74-9C1A7F4538CD}.Release|Any CPU.ActiveCfg = Release|Any CPU
		{671D32E2-2AB3-47EA-AF74-9C1A7F4538CD}.Release|Any CPU.Build.0 = Release|Any CPU
	EndGlobalSection
	GlobalSection(SolutionProperties) = preSolution
		HideSolutionNode = FALSE
	EndGlobalSection
	GlobalSection(ExtensibilityGlobals) = postSolution
		SolutionGuid = {244B3655-9630-4E3F-BC3E-20B76C68816F}
	EndGlobalSection
EndGlobal
